// !$*UTF8*$!
{
	archiveVersion = 1;
	classes = {
	};
	objectVersion = 56;
	objects = {

/* Begin PBXBuildFile section */
		366855C42A1314EE0043CC0F /* AppDelegate.swift in Sources */ = {isa = PBXBuildFile; fileRef = 366855C32A1314EE0043CC0F /* AppDelegate.swift */; };
		366855C62A1314EE0043CC0F /* SceneDelegate.swift in Sources */ = {isa = PBXBuildFile; fileRef = 366855C52A1314EE0043CC0F /* SceneDelegate.swift */; };
		366855C82A1314EE0043CC0F /* ViewController.swift in Sources */ = {isa = PBXBuildFile; fileRef = 366855C72A1314EE0043CC0F /* ViewController.swift */; };
		366855CB2A1314EE0043CC0F /* Main.storyboard in Resources */ = {isa = PBXBuildFile; fileRef = 366855C92A1314EE0043CC0F /* Main.storyboard */; };
		366855CD2A1314EE0043CC0F /* Assets.xcassets in Resources */ = {isa = PBXBuildFile; fileRef = 366855CC2A1314EE0043CC0F /* Assets.xcassets */; };
		366855D02A1314EE0043CC0F /* LaunchScreen.storyboard in Resources */ = {isa = PBXBuildFile; fileRef = 366855CE2A1314EE0043CC0F /* LaunchScreen.storyboard */; };
		36FE468F2A13B81F000E8D68 /* NicklebackClassifier.mlmodel in Sources */ = {isa = PBXBuildFile; fileRef = 36FE468E2A13B81F000E8D68 /* NicklebackClassifier.mlmodel */; };
/* End PBXBuildFile section */

/* Begin PBXFileReference section */
		366855C02A1314EE0043CC0F /* AudioRecorderPOC.app */ = {isa = PBXFileReference; explicitFileType = wrapper.application; includeInIndex = 0; path = AudioRecorderPOC.app; sourceTree = BUILT_PRODUCTS_DIR; };
		366855C32A1314EE0043CC0F /* AppDelegate.swift */ = {isa = PBXFileReference; lastKnownFileType = sourcecode.swift; path = AppDelegate.swift; sourceTree = "<group>"; };
		366855C52A1314EE0043CC0F /* SceneDelegate.swift */ = {isa = PBXFileReference; lastKnownFileType = sourcecode.swift; path = SceneDelegate.swift; sourceTree = "<group>"; };
		366855C72A1314EE0043CC0F /* ViewController.swift */ = {isa = PBXFileReference; lastKnownFileType = sourcecode.swift; path = ViewController.swift; sourceTree = "<group>"; };
		366855CA2A1314EE0043CC0F /* Base */ = {isa = PBXFileReference; lastKnownFileType = file.storyboard; name = Base; path = Base.lproj/Main.storyboard; sourceTree = "<group>"; };
		366855CC2A1314EE0043CC0F /* Assets.xcassets */ = {isa = PBXFileReference; lastKnownFileType = folder.assetcatalog; path = Assets.xcassets; sourceTree = "<group>"; };
		366855CF2A1314EE0043CC0F /* Base */ = {isa = PBXFileReference; lastKnownFileType = file.storyboard; name = Base; path = Base.lproj/LaunchScreen.storyboard; sourceTree = "<group>"; };
		366855D12A1314EE0043CC0F /* Info.plist */ = {isa = PBXFileReference; lastKnownFileType = text.plist.xml; path = Info.plist; sourceTree = "<group>"; };
		36FE468E2A13B81F000E8D68 /* NicklebackClassifier.mlmodel */ = {isa = PBXFileReference; lastKnownFileType = file.mlmodel; path = NicklebackClassifier.mlmodel; sourceTree = "<group>"; };
/* End PBXFileReference section */

/* Begin PBXFrameworksBuildPhase section */
		366855BD2A1314EE0043CC0F /* Frameworks */ = {
			isa = PBXFrameworksBuildPhase;
			buildActionMask = 2147483647;
			files = (
			);
			runOnlyForDeploymentPostprocessing = 0;
		};
/* End PBXFrameworksBuildPhase section */

/* Begin PBXGroup section */
		366855B72A1314ED0043CC0F = {
			isa = PBXGroup;
			children = (
				366855C22A1314EE0043CC0F /* AudioRecorderPOC */,
				366855C12A1314EE0043CC0F /* Products */,
			);
			sourceTree = "<group>";
		};
		366855C12A1314EE0043CC0F /* Products */ = {
			isa = PBXGroup;
			children = (
				366855C02A1314EE0043CC0F /* AudioRecorderPOC.app */,
			);
			name = Products;
			sourceTree = "<group>";
		};
		366855C22A1314EE0043CC0F /* AudioRecorderPOC */ = {
			isa = PBXGroup;
			children = (
				366855C32A1314EE0043CC0F /* AppDelegate.swift */,
				366855C52A1314EE0043CC0F /* SceneDelegate.swift */,
				366855C72A1314EE0043CC0F /* ViewController.swift */,
				366855C92A1314EE0043CC0F /* Main.storyboard */,
				366855CC2A1314EE0043CC0F /* Assets.xcassets */,
				366855CE2A1314EE0043CC0F /* LaunchScreen.storyboard */,
				36FE468E2A13B81F000E8D68 /* NicklebackClassifier.mlmodel */,
				366855D12A1314EE0043CC0F /* Info.plist */,
			);
			path = AudioRecorderPOC;
			sourceTree = "<group>";
		};
/* End PBXGroup section */

/* Begin PBXNativeTarget section */
		366855BF2A1314EE0043CC0F /* AudioRecorderPOC */ = {
			isa = PBXNativeTarget;
			buildConfigurationList = 366855D42A1314EE0043CC0F /* Build configuration list for PBXNativeTarget "AudioRecorderPOC" */;
			buildPhases = (
				366855BC2A1314EE0043CC0F /* Sources */,
				366855BD2A1314EE0043CC0F /* Frameworks */,
				366855BE2A1314EE0043CC0F /* Resources */,
			);
			buildRules = (
			);
			dependencies = (
			);
			name = AudioRecorderPOC;
			productName = AudioRecorderPOC;
			productReference = 366855C02A1314EE0043CC0F /* AudioRecorderPOC.app */;
			productType = "com.apple.product-type.application";
		};
/* End PBXNativeTarget section */

/* Begin PBXProject section */
		366855B82A1314ED0043CC0F /* Project object */ = {
			isa = PBXProject;
			attributes = {
				BuildIndependentTargetsInParallel = 1;
				LastSwiftUpdateCheck = 1430;
				LastUpgradeCheck = 1430;
				TargetAttributes = {
					366855BF2A1314EE0043CC0F = {
						CreatedOnToolsVersion = 14.3;
					};
				};
			};
			buildConfigurationList = 366855BB2A1314ED0043CC0F /* Build configuration list for PBXProject "AudioRecorderPOC" */;
			compatibilityVersion = "Xcode 14.0";
			developmentRegion = en;
			hasScannedForEncodings = 0;
			knownRegions = (
				en,
				Base,
			);
			mainGroup = 366855B72A1314ED0043CC0F;
			productRefGroup = 366855C12A1314EE0043CC0F /* Products */;
			projectDirPath = "";
			projectRoot = "";
			targets = (
				366855BF2A1314EE0043CC0F /* AudioRecorderPOC */,
			);
		};
/* End PBXProject section */

/* Begin PBXResourcesBuildPhase section */
		366855BE2A1314EE0043CC0F /* Resources */ = {
			isa = PBXResourcesBuildPhase;
			buildActionMask = 2147483647;
			files = (
				366855D02A1314EE0043CC0F /* LaunchScreen.storyboard in Resources */,
				366855CD2A1314EE0043CC0F /* Assets.xcassets in Resources */,
				366855CB2A1314EE0043CC0F /* Main.storyboard in Resources */,
			);
			runOnlyForDeploymentPostprocessing = 0;
		};
/* End PBXResourcesBuildPhase section */

/* Begin PBXSourcesBuildPhase section */
		366855BC2A1314EE0043CC0F /* Sources */ = {
			isa = PBXSourcesBuildPhase;
			buildActionMask = 2147483647;
			files = (
				36FE468F2A13B81F000E8D68 /* NicklebackClassifier.mlmodel in Sources */,
				366855C82A1314EE0043CC0F /* ViewController.swift in Sources */,
				366855C42A1314EE0043CC0F /* AppDelegate.swift in Sources */,
				366855C62A1314EE0043CC0F /* SceneDelegate.swift in Sources */,
			);
			runOnlyForDeploymentPostprocessing = 0;
		};
/* End PBXSourcesBuildPhase section */

/* Begin PBXVariantGroup section */
		366855C92A1314EE0043CC0F /* Main.storyboard */ = {
			isa = PBXVariantGroup;
			children = (
				366855CA2A1314EE0043CC0F /* Base */,
			);
			name = Main.storyboard;
			sourceTree = "<group>";
		};
		366855CE2A1314EE0043CC0F /* LaunchScreen.storyboard */ = {
			isa = PBXVariantGroup;
			children = (
				366855CF2A1314EE0043CC0F /* Base */,
			);
			name = LaunchScreen.storyboard;
			sourceTree = "<group>";
		};
/* End PBXVariantGroup section */

/* Begin XCBuildConfiguration section */
		366855D22A1314EE0043CC0F /* Debug */ = {
			isa = XCBuildConfiguration;
			buildSettings = {
				ALWAYS_SEARCH_USER_PATHS = NO;
				CLANG_ANALYZER_NONNULL = YES;
				CLANG_ANALYZER_NUMBER_OBJECT_CONVERSION = YES_AGGRESSIVE;
				CLANG_CXX_LANGUAGE_STANDARD = "gnu++20";
				CLANG_ENABLE_MODULES = YES;
				CLANG_ENABLE_OBJC_ARC = YES;
				CLANG_ENABLE_OBJC_WEAK = YES;
				CLANG_WARN_BLOCK_CAPTURE_AUTORELEASING = YES;
				CLANG_WARN_BOOL_CONVERSION = YES;
				CLANG_WARN_COMMA = YES;
				CLANG_WARN_CONSTANT_CONVERSION = YES;
				CLANG_WARN_DEPRECATED_OBJC_IMPLEMENTATIONS = YES;
				CLANG_WARN_DIRECT_OBJC_ISA_USAGE = YES_ERROR;
				CLANG_WARN_DOCUMENTATION_COMMENTS = YES;
				CLANG_WARN_EMPTY_BODY = YES;
				CLANG_WARN_ENUM_CONVERSION = YES;
				CLANG_WARN_INFINITE_RECURSION = YES;
				CLANG_WARN_INT_CONVERSION = YES;
				CLANG_WARN_NON_LITERAL_NULL_CONVERSION = YES;
				CLANG_WARN_OBJC_IMPLICIT_RETAIN_SELF = YES;
				CLANG_WARN_OBJC_LITERAL_CONVERSION = YES;
				CLANG_WARN_OBJC_ROOT_CLASS = YES_ERROR;
				CLANG_WARN_QUOTED_INCLUDE_IN_FRAMEWORK_HEADER = YES;
				CLANG_WARN_RANGE_LOOP_ANALYSIS = YES;
				CLANG_WARN_STRICT_PROTOTYPES = YES;
				CLANG_WARN_SUSPICIOUS_MOVE = YES;
				CLANG_WARN_UNGUARDED_AVAILABILITY = YES_AGGRESSIVE;
				CLANG_WARN_UNREACHABLE_CODE = YES;
				CLANG_WARN__DUPLICATE_METHOD_MATCH = YES;
				COPY_PHASE_STRIP = NO;
				DEBUG_INFORMATION_FORMAT = dwarf;
				ENABLE_STRICT_OBJC_MSGSEND = YES;
				ENABLE_TESTABILITY = YES;
				GCC_C_LANGUAGE_STANDARD = gnu11;
				GCC_DYNAMIC_NO_PIC = NO;
				GCC_NO_COMMON_BLOCKS = YES;
				GCC_OPTIMIZATION_LEVEL = 0;
				GCC_PREPROCESSOR_DEFINITIONS = (
					"DEBUG=1",
					"$(inherited)",
				);
				GCC_WARN_64_TO_32_BIT_CONVERSION = YES;
				GCC_WARN_ABOUT_RETURN_TYPE = YES_ERROR;
				GCC_WARN_UNDECLARED_SELECTOR = YES;
				GCC_WARN_UNINITIALIZED_AUTOS = YES_AGGRESSIVE;
				GCC_WARN_UNUSED_FUNCTION = YES;
				GCC_WARN_UNUSED_VARIABLE = YES;
				IPHONEOS_DEPLOYMENT_TARGET = 16.4;
				MTL_ENABLE_DEBUG_INFO = INCLUDE_SOURCE;
				MTL_FAST_MATH = YES;
				ONLY_ACTIVE_ARCH = YES;
				SDKROOT = iphoneos;
				SWIFT_ACTIVE_COMPILATION_CONDITIONS = DEBUG;
				SWIFT_OPTIMIZATION_LEVEL = "-Onone";
			};
			name = Debug;
		};
		366855D32A1314EE0043CC0F /* Release */ = {
			isa = XCBuildConfiguration;
			buildSettings = {
				ALWAYS_SEARCH_USER_PATHS = NO;
				CLANG_ANALYZER_NONNULL = YES;
				CLANG_ANALYZER_NUMBER_OBJECT_CONVERSION = YES_AGGRESSIVE;
				CLANG_CXX_LANGUAGE_STANDARD = "gnu++20";
				CLANG_ENABLE_MODULES = YES;
				CLANG_ENABLE_OBJC_ARC = YES;
				CLANG_ENABLE_OBJC_WEAK = YES;
				CLANG_WARN_BLOCK_CAPTURE_AUTORELEASING = YES;
				CLANG_WARN_BOOL_CONVERSION = YES;
				CLANG_WARN_COMMA = YES;
				CLANG_WARN_CONSTANT_CONVERSION = YES;
				CLANG_WARN_DEPRECATED_OBJC_IMPLEMENTATIONS = YES;
				CLANG_WARN_DIRECT_OBJC_ISA_USAGE = YES_ERROR;
				CLANG_WARN_DOCUMENTATION_COMMENTS = YES;
				CLANG_WARN_EMPTY_BODY = YES;
				CLANG_WARN_ENUM_CONVERSION = YES;
				CLANG_WARN_INFINITE_RECURSION = YES;
				CLANG_WARN_INT_CONVERSION = YES;
				CLANG_WARN_NON_LITERAL_NULL_CONVERSION = YES;
				CLANG_WARN_OBJC_IMPLICIT_RETAIN_SELF = YES;
				CLANG_WARN_OBJC_LITERAL_CONVERSION = YES;
				CLANG_WARN_OBJC_ROOT_CLASS = YES_ERROR;
				CLANG_WARN_QUOTED_INCLUDE_IN_FRAMEWORK_HEADER = YES;
				CLANG_WARN_RANGE_LOOP_ANALYSIS = YES;
				CLANG_WARN_STRICT_PROTOTYPES = YES;
				CLANG_WARN_SUSPICIOUS_MOVE = YES;
				CLANG_WARN_UNGUARDED_AVAILABILITY = YES_AGGRESSIVE;
				CLANG_WARN_UNREACHABLE_CODE = YES;
				CLANG_WARN__DUPLICATE_METHOD_MATCH = YES;
				COPY_PHASE_STRIP = NO;
				DEBUG_INFORMATION_FORMAT = "dwarf-with-dsym";
				ENABLE_NS_ASSERTIONS = NO;
				ENABLE_STRICT_OBJC_MSGSEND = YES;
				GCC_C_LANGUAGE_STANDARD = gnu11;
				GCC_NO_COMMON_BLOCKS = YES;
				GCC_WARN_64_TO_32_BIT_CONVERSION = YES;
				GCC_WARN_ABOUT_RETURN_TYPE = YES_ERROR;
				GCC_WARN_UNDECLARED_SELECTOR = YES;
				GCC_WARN_UNINITIALIZED_AUTOS = YES_AGGRESSIVE;
				GCC_WARN_UNUSED_FUNCTION = YES;
				GCC_WARN_UNUSED_VARIABLE = YES;
				IPHONEOS_DEPLOYMENT_TARGET = 16.4;
				MTL_ENABLE_DEBUG_INFO = NO;
				MTL_FAST_MATH = YES;
				SDKROOT = iphoneos;
				SWIFT_COMPILATION_MODE = wholemodule;
				SWIFT_OPTIMIZATION_LEVEL = "-O";
				VALIDATE_PRODUCT = YES;
			};
			name = Release;
		};
		366855D52A1314EE0043CC0F /* Debug */ = {
			isa = XCBuildConfiguration;
			buildSettings = {
				ASSETCATALOG_COMPILER_APPICON_NAME = AppIcon;
				ASSETCATALOG_COMPILER_GLOBAL_ACCENT_COLOR_NAME = AccentColor;
				CODE_SIGN_STYLE = Automatic;
				CURRENT_PROJECT_VERSION = 1;
				DEVELOPMENT_TEAM = 8D2H27TXKN;
				GENERATE_INFOPLIST_FILE = YES;
				INFOPLIST_FILE = AudioRecorderPOC/Info.plist;
				INFOPLIST_KEY_UIApplicationSupportsIndirectInputEvents = YES;
				INFOPLIST_KEY_UILaunchStoryboardName = LaunchScreen;
				INFOPLIST_KEY_UIMainStoryboardFile = Main;
				INFOPLIST_KEY_UISupportedInterfaceOrientations_iPad = "UIInterfaceOrientationPortrait UIInterfaceOrientationPortraitUpsideDown UIInterfaceOrientationLandscapeLeft UIInterfaceOrientationLandscapeRight";
				INFOPLIST_KEY_UISupportedInterfaceOrientations_iPhone = "UIInterfaceOrientationPortrait UIInterfaceOrientationLandscapeLeft UIInterfaceOrientationLandscapeRight";
				LD_RUNPATH_SEARCH_PATHS = (
					"$(inherited)",
					"@executable_path/Frameworks",
				);
				MARKETING_VERSION = 1.0;
				PRODUCT_BUNDLE_IDENTIFIER = ada.ifce.AudioRecorderPOC;
				PRODUCT_NAME = "$(TARGET_NAME)";
				SWIFT_EMIT_LOC_STRINGS = YES;
				SWIFT_VERSION = 5.0;
				TARGETED_DEVICE_FAMILY = "1,2";
			};
			name = Debug;
		};
		366855D62A1314EE0043CC0F /* Release */ = {
			isa = XCBuildConfiguration;
			buildSettings = {
				ASSETCATALOG_COMPILER_APPICON_NAME = AppIcon;
				ASSETCATALOG_COMPILER_GLOBAL_ACCENT_COLOR_NAME = AccentColor;
				CODE_SIGN_STYLE = Automatic;
				CURRENT_PROJECT_VERSION = 1;
				DEVELOPMENT_TEAM = 8D2H27TXKN;
				GENERATE_INFOPLIST_FILE = YES;
				INFOPLIST_FILE = AudioRecorderPOC/Info.plist;
				INFOPLIST_KEY_UIApplicationSupportsIndirectInputEvents = YES;
				INFOPLIST_KEY_UILaunchStoryboardName = LaunchScreen;
				INFOPLIST_KEY_UIMainStoryboardFile = Main;
				INFOPLIST_KEY_UISupportedInterfaceOrientations_iPad = "UIInterfaceOrientationPortrait UIInterfaceOrientationPortraitUpsideDown UIInterfaceOrientationLandscapeLeft UIInterfaceOrientationLandscapeRight";
				INFOPLIST_KEY_UISupportedInterfaceOrientations_iPhone = "UIInterfaceOrientationPortrait UIInterfaceOrientationLandscapeLeft UIInterfaceOrientationLandscapeRight";
				LD_RUNPATH_SEARCH_PATHS = (
					"$(inherited)",
					"@executable_path/Frameworks",
				);
				MARKETING_VERSION = 1.0;
				PRODUCT_BUNDLE_IDENTIFIER = ada.ifce.AudioRecorderPOC;
				PRODUCT_NAME = "$(TARGET_NAME)";
				SWIFT_EMIT_LOC_STRINGS = YES;
				SWIFT_VERSION = 5.0;
				TARGETED_DEVICE_FAMILY = "1,2";
			};
			name = Release;
		};
/* End XCBuildConfiguration section */

/* Begin XCConfigurationList section */
		366855BB2A1314ED0043CC0F /* Build configuration list for PBXProject "AudioRecorderPOC" */ = {
			isa = XCConfigurationList;
			buildConfigurations = (
				366855D22A1314EE0043CC0F /* Debug */,
				366855D32A1314EE0043CC0F /* Release */,
			);
			defaultConfigurationIsVisible = 0;
			defaultConfigurationName = Release;
		};
		366855D42A1314EE0043CC0F /* Build configuration list for PBXNativeTarget "AudioRecorderPOC" */ = {
			isa = XCConfigurationList;
			buildConfigurations = (
				366855D52A1314EE0043CC0F /* Debug */,
				366855D62A1314EE0043CC0F /* Release */,
			);
			defaultConfigurationIsVisible = 0;
			defaultConfigurationName = Release;
		};
/* End XCConfigurationList section */
	};
	rootObject = 366855B82A1314ED0043CC0F /* Project object */;
}
